// !$*UTF8*$!
{
	archiveVersion = 1;
	classes = {
	};
	objectVersion = 46;
	objects = {

/* Begin PBXBuildFile section */
		340FE24B18A606010007080B /* Foundation.framework in Frameworks */ = {isa = PBXBuildFile; fileRef = 340FE24A18A606010007080B /* Foundation.framework */; };
		340FE24D18A606010007080B /* CoreGraphics.framework in Frameworks */ = {isa = PBXBuildFile; fileRef = 340FE24C18A606010007080B /* CoreGraphics.framework */; };
		340FE24F18A606010007080B /* UIKit.framework in Frameworks */ = {isa = PBXBuildFile; fileRef = 340FE24E18A606010007080B /* UIKit.framework */; };
		340FE25518A606010007080B /* InfoPlist.strings in Resources */ = {isa = PBXBuildFile; fileRef = 340FE25318A606010007080B /* InfoPlist.strings */; };
		340FE25718A606010007080B /* main.m in Sources */ = {isa = PBXBuildFile; fileRef = 340FE25618A606010007080B /* main.m */; };
		340FE25B18A606010007080B /* AppDelegate.m in Sources */ = {isa = PBXBuildFile; fileRef = 340FE25A18A606010007080B /* AppDelegate.m */; };
		340FE25E18A606010007080B /* Main.storyboard in Resources */ = {isa = PBXBuildFile; fileRef = 340FE25C18A606010007080B /* Main.storyboard */; };
		340FE26118A606010007080B /* ViewController.m in Sources */ = {isa = PBXBuildFile; fileRef = 340FE26018A606010007080B /* ViewController.m */; };
		340FE26318A606010007080B /* Images.xcassets in Resources */ = {isa = PBXBuildFile; fileRef = 340FE26218A606010007080B /* Images.xcassets */; };
		340FE26A18A606010007080B /* XCTest.framework in Frameworks */ = {isa = PBXBuildFile; fileRef = 340FE26918A606010007080B /* XCTest.framework */; };
		340FE26B18A606010007080B /* Foundation.framework in Frameworks */ = {isa = PBXBuildFile; fileRef = 340FE24A18A606010007080B /* Foundation.framework */; };
		340FE26C18A606010007080B /* UIKit.framework in Frameworks */ = {isa = PBXBuildFile; fileRef = 340FE24E18A606010007080B /* UIKit.framework */; };
		340FE27418A606010007080B /* InfoPlist.strings in Resources */ = {isa = PBXBuildFile; fileRef = 340FE27218A606010007080B /* InfoPlist.strings */; };
		340FE27618A606010007080B /* NewsAbstTests.m in Sources */ = {isa = PBXBuildFile; fileRef = 340FE27518A606010007080B /* NewsAbstTests.m */; };
		340FE28218A616ED0007080B /* ArticleView.m in Sources */ = {isa = PBXBuildFile; fileRef = 340FE28118A616ED0007080B /* ArticleView.m */; };
		340FE28618A61B360007080B /* DatabaseManage.m in Sources */ = {isa = PBXBuildFile; fileRef = 340FE28518A61B360007080B /* DatabaseManage.m */; };
		34AE367218A799F2009BBFAA /* aman.png in Resources */ = {isa = PBXBuildFile; fileRef = 34AE366918A799F2009BBFAA /* aman.png */; };
		34AE367318A799F2009BBFAA /* bird.png in Resources */ = {isa = PBXBuildFile; fileRef = 34AE366A18A799F2009BBFAA /* bird.png */; };
		34AE367418A799F2009BBFAA /* building.png in Resources */ = {isa = PBXBuildFile; fileRef = 34AE366B18A799F2009BBFAA /* building.png */; };
		34AE367518A799F2009BBFAA /* building2.png in Resources */ = {isa = PBXBuildFile; fileRef = 34AE366C18A799F2009BBFAA /* building2.png */; };
		34AE367618A799F2009BBFAA /* desk.png in Resources */ = {isa = PBXBuildFile; fileRef = 34AE366D18A799F2009BBFAA /* desk.png */; };
		34AE367718A799F2009BBFAA /* light.png in Resources */ = {isa = PBXBuildFile; fileRef = 34AE366E18A799F2009BBFAA /* light.png */; };
		34AE367818A799F2009BBFAA /* street.png in Resources */ = {isa = PBXBuildFile; fileRef = 34AE366F18A799F2009BBFAA /* street.png */; };
		34AE367918A799F2009BBFAA /* sunset.png in Resources */ = {isa = PBXBuildFile; fileRef = 34AE367018A799F2009BBFAA /* sunset.png */; };
		34AE367A18A799F2009BBFAA /* wood.png in Resources */ = {isa = PBXBuildFile; fileRef = 34AE367118A799F2009BBFAA /* wood.png */; };
		34B9DE3218A8B77200F6D455 /* ILTranslucentView.m in Sources */ = {isa = PBXBuildFile; fileRef = 34B9DE3118A8B77200F6D455 /* ILTranslucentView.m */; };
/* End PBXBuildFile section */

/* Begin PBXContainerItemProxy section */
		340FE26D18A606010007080B /* PBXContainerItemProxy */ = {
			isa = PBXContainerItemProxy;
			containerPortal = 340FE23F18A606010007080B /* Project object */;
			proxyType = 1;
			remoteGlobalIDString = 340FE24618A606010007080B;
			remoteInfo = NewsAbst;
		};
/* End PBXContainerItemProxy section */

/* Begin PBXFileReference section */
		340FE24718A606010007080B /* NewsAbst.app */ = {isa = PBXFileReference; explicitFileType = wrapper.application; includeInIndex = 0; path = NewsAbst.app; sourceTree = BUILT_PRODUCTS_DIR; };
		340FE24A18A606010007080B /* Foundation.framework */ = {isa = PBXFileReference; lastKnownFileType = wrapper.framework; name = Foundation.framework; path = System/Library/Frameworks/Foundation.framework; sourceTree = SDKROOT; };
		340FE24C18A606010007080B /* CoreGraphics.framework */ = {isa = PBXFileReference; lastKnownFileType = wrapper.framework; name = CoreGraphics.framework; path = System/Library/Frameworks/CoreGraphics.framework; sourceTree = SDKROOT; };
		340FE24E18A606010007080B /* UIKit.framework */ = {isa = PBXFileReference; lastKnownFileType = wrapper.framework; name = UIKit.framework; path = System/Library/Frameworks/UIKit.framework; sourceTree = SDKROOT; };
		340FE25218A606010007080B /* NewsAbst-Info.plist */ = {isa = PBXFileReference; lastKnownFileType = text.plist.xml; path = "NewsAbst-Info.plist"; sourceTree = "<group>"; };
		340FE25418A606010007080B /* en */ = {isa = PBXFileReference; lastKnownFileType = text.plist.strings; name = en; path = en.lproj/InfoPlist.strings; sourceTree = "<group>"; };
		340FE25618A606010007080B /* main.m */ = {isa = PBXFileReference; lastKnownFileType = sourcecode.c.objc; path = main.m; sourceTree = "<group>"; };
		340FE25818A606010007080B /* NewsAbst-Prefix.pch */ = {isa = PBXFileReference; lastKnownFileType = sourcecode.c.h; path = "NewsAbst-Prefix.pch"; sourceTree = "<group>"; };
		340FE25918A606010007080B /* AppDelegate.h */ = {isa = PBXFileReference; lastKnownFileType = sourcecode.c.h; path = AppDelegate.h; sourceTree = "<group>"; };
		340FE25A18A606010007080B /* AppDelegate.m */ = {isa = PBXFileReference; lastKnownFileType = sourcecode.c.objc; path = AppDelegate.m; sourceTree = "<group>"; };
		340FE25D18A606010007080B /* Base */ = {isa = PBXFileReference; lastKnownFileType = file.storyboard; name = Base; path = Base.lproj/Main.storyboard; sourceTree = "<group>"; };
		340FE25F18A606010007080B /* ViewController.h */ = {isa = PBXFileReference; lastKnownFileType = sourcecode.c.h; path = ViewController.h; sourceTree = "<group>"; };
		340FE26018A606010007080B /* ViewController.m */ = {isa = PBXFileReference; lastKnownFileType = sourcecode.c.objc; path = ViewController.m; sourceTree = "<group>"; };
		340FE26218A606010007080B /* Images.xcassets */ = {isa = PBXFileReference; lastKnownFileType = folder.assetcatalog; path = Images.xcassets; sourceTree = "<group>"; };
		340FE26818A606010007080B /* NewsAbstTests.xctest */ = {isa = PBXFileReference; explicitFileType = wrapper.cfbundle; includeInIndex = 0; path = NewsAbstTests.xctest; sourceTree = BUILT_PRODUCTS_DIR; };
		340FE26918A606010007080B /* XCTest.framework */ = {isa = PBXFileReference; lastKnownFileType = wrapper.framework; name = XCTest.framework; path = Library/Frameworks/XCTest.framework; sourceTree = DEVELOPER_DIR; };
		340FE27118A606010007080B /* NewsAbstTests-Info.plist */ = {isa = PBXFileReference; lastKnownFileType = text.plist.xml; path = "NewsAbstTests-Info.plist"; sourceTree = "<group>"; };
		340FE27318A606010007080B /* en */ = {isa = PBXFileReference; lastKnownFileType = text.plist.strings; name = en; path = en.lproj/InfoPlist.strings; sourceTree = "<group>"; };
		340FE27518A606010007080B /* NewsAbstTests.m */ = {isa = PBXFileReference; lastKnownFileType = sourcecode.c.objc; path = NewsAbstTests.m; sourceTree = "<group>"; };
		340FE28018A616ED0007080B /* ArticleView.h */ = {isa = PBXFileReference; fileEncoding = 4; lastKnownFileType = sourcecode.c.h; path = ArticleView.h; sourceTree = "<group>"; };
		340FE28118A616ED0007080B /* ArticleView.m */ = {isa = PBXFileReference; fileEncoding = 4; lastKnownFileType = sourcecode.c.objc; path = ArticleView.m; sourceTree = "<group>"; };
		340FE28418A61B360007080B /* DatabaseManage.h */ = {isa = PBXFileReference; fileEncoding = 4; lastKnownFileType = sourcecode.c.h; path = DatabaseManage.h; sourceTree = "<group>"; };
		340FE28518A61B360007080B /* DatabaseManage.m */ = {isa = PBXFileReference; fileEncoding = 4; lastKnownFileType = sourcecode.c.objc; path = DatabaseManage.m; sourceTree = "<group>"; };
		34AE366918A799F2009BBFAA /* aman.png */ = {isa = PBXFileReference; lastKnownFileType = image.png; path = aman.png; sourceTree = "<group>"; };
		34AE366A18A799F2009BBFAA /* bird.png */ = {isa = PBXFileReference; lastKnownFileType = image.png; path = bird.png; sourceTree = "<group>"; };
		34AE366B18A799F2009BBFAA /* building.png */ = {isa = PBXFileReference; lastKnownFileType = image.png; path = building.png; sourceTree = "<group>"; };
		34AE366C18A799F2009BBFAA /* building2.png */ = {isa = PBXFileReference; lastKnownFileType = image.png; path = building2.png; sourceTree = "<group>"; };
		34AE366D18A799F2009BBFAA /* desk.png */ = {isa = PBXFileReference; lastKnownFileType = image.png; path = desk.png; sourceTree = "<group>"; };
		34AE366E18A799F2009BBFAA /* light.png */ = {isa = PBXFileReference; lastKnownFileType = image.png; path = light.png; sourceTree = "<group>"; };
		34AE366F18A799F2009BBFAA /* street.png */ = {isa = PBXFileReference; lastKnownFileType = image.png; path = street.png; sourceTree = "<group>"; };
		34AE367018A799F2009BBFAA /* sunset.png */ = {isa = PBXFileReference; lastKnownFileType = image.png; path = sunset.png; sourceTree = "<group>"; };
		34AE367118A799F2009BBFAA /* wood.png */ = {isa = PBXFileReference; lastKnownFileType = image.png; path = wood.png; sourceTree = "<group>"; };
		34B9DE3018A8B77200F6D455 /* ILTranslucentView.h */ = {isa = PBXFileReference; fileEncoding = 4; lastKnownFileType = sourcecode.c.h; path = ILTranslucentView.h; sourceTree = "<group>"; };
		34B9DE3118A8B77200F6D455 /* ILTranslucentView.m */ = {isa = PBXFileReference; fileEncoding = 4; lastKnownFileType = sourcecode.c.objc; path = ILTranslucentView.m; sourceTree = "<group>"; };
/* End PBXFileReference section */

/* Begin PBXFrameworksBuildPhase section */
		340FE24418A606010007080B /* Frameworks */ = {
			isa = PBXFrameworksBuildPhase;
			buildActionMask = 2147483647;
			files = (
				340FE24D18A606010007080B /* CoreGraphics.framework in Frameworks */,
				340FE24F18A606010007080B /* UIKit.framework in Frameworks */,
				340FE24B18A606010007080B /* Foundation.framework in Frameworks */,
			);
			runOnlyForDeploymentPostprocessing = 0;
		};
		340FE26518A606010007080B /* Frameworks */ = {
			isa = PBXFrameworksBuildPhase;
			buildActionMask = 2147483647;
			files = (
				340FE26A18A606010007080B /* XCTest.framework in Frameworks */,
				340FE26C18A606010007080B /* UIKit.framework in Frameworks */,
				340FE26B18A606010007080B /* Foundation.framework in Frameworks */,
			);
			runOnlyForDeploymentPostprocessing = 0;
		};
/* End PBXFrameworksBuildPhase section */

/* Begin PBXGroup section */
		340FE23E18A606010007080B = {
			isa = PBXGroup;
			children = (
				340FE25018A606010007080B /* NewsAbst */,
				340FE26F18A606010007080B /* NewsAbstTests */,
				340FE24918A606010007080B /* Frameworks */,
				340FE24818A606010007080B /* Products */,
			);
			sourceTree = "<group>";
		};
		340FE24818A606010007080B /* Products */ = {
			isa = PBXGroup;
			children = (
				340FE24718A606010007080B /* NewsAbst.app */,
				340FE26818A606010007080B /* NewsAbstTests.xctest */,
			);
			name = Products;
			sourceTree = "<group>";
		};
		340FE24918A606010007080B /* Frameworks */ = {
			isa = PBXGroup;
			children = (
				340FE24A18A606010007080B /* Foundation.framework */,
				340FE24C18A606010007080B /* CoreGraphics.framework */,
				340FE24E18A606010007080B /* UIKit.framework */,
				340FE26918A606010007080B /* XCTest.framework */,
			);
			name = Frameworks;
			sourceTree = "<group>";
		};
		340FE25018A606010007080B /* NewsAbst */ = {
			isa = PBXGroup;
			children = (
				34B9DE2E18A8B74D00F6D455 /* Component */,
				34AE366818A799C9009BBFAA /* Image */,
				340FE28318A61AF70007080B /* Data */,
				340FE25918A606010007080B /* AppDelegate.h */,
				340FE25A18A606010007080B /* AppDelegate.m */,
				340FE25C18A606010007080B /* Main.storyboard */,
				340FE25F18A606010007080B /* ViewController.h */,
				340FE26018A606010007080B /* ViewController.m */,
				340FE26218A606010007080B /* Images.xcassets */,
				340FE25118A606010007080B /* Supporting Files */,
			);
			path = NewsAbst;
			sourceTree = "<group>";
		};
		340FE25118A606010007080B /* Supporting Files */ = {
			isa = PBXGroup;
			children = (
				340FE25218A606010007080B /* NewsAbst-Info.plist */,
				340FE25318A606010007080B /* InfoPlist.strings */,
				340FE25618A606010007080B /* main.m */,
				340FE25818A606010007080B /* NewsAbst-Prefix.pch */,
			);
			name = "Supporting Files";
			sourceTree = "<group>";
		};
		340FE26F18A606010007080B /* NewsAbstTests */ = {
			isa = PBXGroup;
			children = (
				340FE27518A606010007080B /* NewsAbstTests.m */,
				340FE27018A606010007080B /* Supporting Files */,
			);
			path = NewsAbstTests;
			sourceTree = "<group>";
		};
		340FE27018A606010007080B /* Supporting Files */ = {
			isa = PBXGroup;
			children = (
				340FE27118A606010007080B /* NewsAbstTests-Info.plist */,
				340FE27218A606010007080B /* InfoPlist.strings */,
			);
			name = "Supporting Files";
			sourceTree = "<group>";
		};
		340FE28318A61AF70007080B /* Data */ = {
			isa = PBXGroup;
			children = (
				340FE28418A61B360007080B /* DatabaseManage.h */,
				340FE28518A61B360007080B /* DatabaseManage.m */,
			);
			name = Data;
			sourceTree = "<group>";
		};
		34AE366818A799C9009BBFAA /* Image */ = {
			isa = PBXGroup;
			children = (
				34AE366918A799F2009BBFAA /* aman.png */,
				34AE366A18A799F2009BBFAA /* bird.png */,
				34AE366B18A799F2009BBFAA /* building.png */,
				34AE366C18A799F2009BBFAA /* building2.png */,
				34AE366D18A799F2009BBFAA /* desk.png */,
				34AE366E18A799F2009BBFAA /* light.png */,
				34AE366F18A799F2009BBFAA /* street.png */,
				34AE367018A799F2009BBFAA /* sunset.png */,
				34AE367118A799F2009BBFAA /* wood.png */,
			);
			name = Image;
			sourceTree = "<group>";
		};
		34B9DE2E18A8B74D00F6D455 /* Component */ = {
			isa = PBXGroup;
			children = (
				340FE28018A616ED0007080B /* ArticleView.h */,
				340FE28118A616ED0007080B /* ArticleView.m */,
				34B9DE2F18A8B77200F6D455 /* ILTranslucentView */,
			);
			name = Component;
			sourceTree = "<group>";
		};
		34B9DE2F18A8B77200F6D455 /* ILTranslucentView */ = {
			isa = PBXGroup;
			children = (
				34B9DE3018A8B77200F6D455 /* ILTranslucentView.h */,
				34B9DE3118A8B77200F6D455 /* ILTranslucentView.m */,
			);
			path = ILTranslucentView;
			sourceTree = "<group>";
		};
/* End PBXGroup section */

/* Begin PBXNativeTarget section */
		340FE24618A606010007080B /* NewsAbst */ = {
			isa = PBXNativeTarget;
			buildConfigurationList = 340FE27918A606010007080B /* Build configuration list for PBXNativeTarget "NewsAbst" */;
			buildPhases = (
				340FE24318A606010007080B /* Sources */,
				340FE24418A606010007080B /* Frameworks */,
				340FE24518A606010007080B /* Resources */,
			);
			buildRules = (
			);
			dependencies = (
			);
			name = NewsAbst;
			productName = NewsAbst;
			productReference = 340FE24718A606010007080B /* NewsAbst.app */;
			productType = "com.apple.product-type.application";
		};
		340FE26718A606010007080B /* NewsAbstTests */ = {
			isa = PBXNativeTarget;
			buildConfigurationList = 340FE27C18A606010007080B /* Build configuration list for PBXNativeTarget "NewsAbstTests" */;
			buildPhases = (
				340FE26418A606010007080B /* Sources */,
				340FE26518A606010007080B /* Frameworks */,
				340FE26618A606010007080B /* Resources */,
			);
			buildRules = (
			);
			dependencies = (
				340FE26E18A606010007080B /* PBXTargetDependency */,
			);
			name = NewsAbstTests;
			productName = NewsAbstTests;
			productReference = 340FE26818A606010007080B /* NewsAbstTests.xctest */;
			productType = "com.apple.product-type.bundle.unit-test";
		};
/* End PBXNativeTarget section */

/* Begin PBXProject section */
		340FE23F18A606010007080B /* Project object */ = {
			isa = PBXProject;
			attributes = {
				LastUpgradeCheck = 0500;
				ORGANIZATIONNAME = endo.news;
				TargetAttributes = {
					340FE26718A606010007080B = {
						TestTargetID = 340FE24618A606010007080B;
					};
				};
			};
			buildConfigurationList = 340FE24218A606010007080B /* Build configuration list for PBXProject "NewsAbst" */;
			compatibilityVersion = "Xcode 3.2";
			developmentRegion = English;
			hasScannedForEncodings = 0;
			knownRegions = (
				en,
				Base,
			);
			mainGroup = 340FE23E18A606010007080B;
			productRefGroup = 340FE24818A606010007080B /* Products */;
			projectDirPath = "";
			projectRoot = "";
			targets = (
				340FE24618A606010007080B /* NewsAbst */,
				340FE26718A606010007080B /* NewsAbstTests */,
			);
		};
/* End PBXProject section */

/* Begin PBXResourcesBuildPhase section */
		340FE24518A606010007080B /* Resources */ = {
			isa = PBXResourcesBuildPhase;
			buildActionMask = 2147483647;
			files = (
				34AE367218A799F2009BBFAA /* aman.png in Resources */,
				34AE367918A799F2009BBFAA /* sunset.png in Resources */,
				34AE367418A799F2009BBFAA /* building.png in Resources */,
				34AE367718A799F2009BBFAA /* light.png in Resources */,
				34AE367618A799F2009BBFAA /* desk.png in Resources */,
				34AE367318A799F2009BBFAA /* bird.png in Resources */,
				340FE26318A606010007080B /* Images.xcassets in Resources */,
				34AE367518A799F2009BBFAA /* building2.png in Resources */,
				34AE367A18A799F2009BBFAA /* wood.png in Resources */,
				340FE25518A606010007080B /* InfoPlist.strings in Resources */,
				34AE367818A799F2009BBFAA /* street.png in Resources */,
				340FE25E18A606010007080B /* Main.storyboard in Resources */,
			);
			runOnlyForDeploymentPostprocessing = 0;
		};
		340FE26618A606010007080B /* Resources */ = {
			isa = PBXResourcesBuildPhase;
			buildActionMask = 2147483647;
			files = (
				340FE27418A606010007080B /* InfoPlist.strings in Resources */,
			);
			runOnlyForDeploymentPostprocessing = 0;
		};
/* End PBXResourcesBuildPhase section */

/* Begin PBXSourcesBuildPhase section */
		340FE24318A606010007080B /* Sources */ = {
			isa = PBXSourcesBuildPhase;
			buildActionMask = 2147483647;
			files = (
				340FE26118A606010007080B /* ViewController.m in Sources */,
				340FE25B18A606010007080B /* AppDelegate.m in Sources */,
				340FE28218A616ED0007080B /* ArticleView.m in Sources */,
				340FE28618A61B360007080B /* DatabaseManage.m in Sources */,
				340FE25718A606010007080B /* main.m in Sources */,
				34B9DE3218A8B77200F6D455 /* ILTranslucentView.m in Sources */,
			);
			runOnlyForDeploymentPostprocessing = 0;
		};
		340FE26418A606010007080B /* Sources */ = {
			isa = PBXSourcesBuildPhase;
			buildActionMask = 2147483647;
			files = (
				340FE27618A606010007080B /* NewsAbstTests.m in Sources */,
			);
			runOnlyForDeploymentPostprocessing = 0;
		};
/* End PBXSourcesBuildPhase section */

/* Begin PBXTargetDependency section */
		340FE26E18A606010007080B /* PBXTargetDependency */ = {
			isa = PBXTargetDependency;
			target = 340FE24618A606010007080B /* NewsAbst */;
			targetProxy = 340FE26D18A606010007080B /* PBXContainerItemProxy */;
		};
/* End PBXTargetDependency section */

/* Begin PBXVariantGroup section */
		340FE25318A606010007080B /* InfoPlist.strings */ = {
			isa = PBXVariantGroup;
			children = (
				340FE25418A606010007080B /* en */,
			);
			name = InfoPlist.strings;
			sourceTree = "<group>";
		};
		340FE25C18A606010007080B /* Main.storyboard */ = {
			isa = PBXVariantGroup;
			children = (
				340FE25D18A606010007080B /* Base */,
			);
			name = Main.storyboard;
			sourceTree = "<group>";
		};
		340FE27218A606010007080B /* InfoPlist.strings */ = {
			isa = PBXVariantGroup;
			children = (
				340FE27318A606010007080B /* en */,
			);
			name = InfoPlist.strings;
			sourceTree = "<group>";
		};
/* End PBXVariantGroup section */

/* Begin XCBuildConfiguration section */
		340FE27718A606010007080B /* Debug */ = {
			isa = XCBuildConfiguration;
			buildSettings = {
				ALWAYS_SEARCH_USER_PATHS = NO;
				ARCHS = "$(ARCHS_STANDARD_INCLUDING_64_BIT)";
				CLANG_CXX_LANGUAGE_STANDARD = "gnu++0x";
				CLANG_CXX_LIBRARY = "libc++";
				CLANG_ENABLE_MODULES = YES;
				CLANG_ENABLE_OBJC_ARC = YES;
				CLANG_WARN_BOOL_CONVERSION = YES;
				CLANG_WARN_CONSTANT_CONVERSION = YES;
				CLANG_WARN_DIRECT_OBJC_ISA_USAGE = YES_ERROR;
				CLANG_WARN_EMPTY_BODY = YES;
				CLANG_WARN_ENUM_CONVERSION = YES;
				CLANG_WARN_INT_CONVERSION = YES;
				CLANG_WARN_OBJC_ROOT_CLASS = YES_ERROR;
				CLANG_WARN__DUPLICATE_METHOD_MATCH = YES;
				"CODE_SIGN_IDENTITY[sdk=iphoneos*]" = "iPhone Developer";
				COPY_PHASE_STRIP = NO;
				GCC_C_LANGUAGE_STANDARD = gnu99;
				GCC_DYNAMIC_NO_PIC = NO;
				GCC_OPTIMIZATION_LEVEL = 0;
				GCC_PREPROCESSOR_DEFINITIONS = (
					"DEBUG=1",
					"$(inherited)",
				);
				GCC_SYMBOLS_PRIVATE_EXTERN = NO;
				GCC_WARN_64_TO_32_BIT_CONVERSION = YES;
				GCC_WARN_ABOUT_RETURN_TYPE = YES_ERROR;
				GCC_WARN_UNDECLARED_SELECTOR = YES;
				GCC_WARN_UNINITIALIZED_AUTOS = YES;
				GCC_WARN_UNUSED_FUNCTION = YES;
				GCC_WARN_UNUSED_VARIABLE = YES;
				IPHONEOS_DEPLOYMENT_TARGET = 7.0;
				ONLY_ACTIVE_ARCH = YES;
				SDKROOT = iphoneos;
			};
			name = Debug;
		};
		340FE27818A606010007080B /* Release */ = {
			isa = XCBuildConfiguration;
			buildSettings = {
				ALWAYS_SEARCH_USER_PATHS = NO;
				ARCHS = "$(ARCHS_STANDARD_INCLUDING_64_BIT)";
				CLANG_CXX_LANGUAGE_STANDARD = "gnu++0x";
				CLANG_CXX_LIBRARY = "libc++";
				CLANG_ENABLE_MODULES = YES;
				CLANG_ENABLE_OBJC_ARC = YES;
				CLANG_WARN_BOOL_CONVERSION = YES;
				CLANG_WARN_CONSTANT_CONVERSION = YES;
				CLANG_WARN_DIRECT_OBJC_ISA_USAGE = YES_ERROR;
				CLANG_WARN_EMPTY_BODY = YES;
				CLANG_WARN_ENUM_CONVERSION = YES;
				CLANG_WARN_INT_CONVERSION = YES;
				CLANG_WARN_OBJC_ROOT_CLASS = YES_ERROR;
				CLANG_WARN__DUPLICATE_METHOD_MATCH = YES;
				"CODE_SIGN_IDENTITY[sdk=iphoneos*]" = "iPhone Developer";
				COPY_PHASE_STRIP = YES;
				ENABLE_NS_ASSERTIONS = NO;
				GCC_C_LANGUAGE_STANDARD = gnu99;
				GCC_WARN_64_TO_32_BIT_CONVERSION = YES;
				GCC_WARN_ABOUT_RETURN_TYPE = YES_ERROR;
				GCC_WARN_UNDECLARED_SELECTOR = YES;
				GCC_WARN_UNINITIALIZED_AUTOS = YES;
				GCC_WARN_UNUSED_FUNCTION = YES;
				GCC_WARN_UNUSED_VARIABLE = YES;
				IPHONEOS_DEPLOYMENT_TARGET = 7.0;
				SDKROOT = iphoneos;
				VALIDATE_PRODUCT = YES;
			};
			name = Release;
		};
		340FE27A18A606010007080B /* Debug */ = {
			isa = XCBuildConfiguration;
			buildSettings = {
				ASSETCATALOG_COMPILER_APPICON_NAME = AppIcon;
				ASSETCATALOG_COMPILER_LAUNCHIMAGE_NAME = LaunchImage;
				GCC_PRECOMPILE_PREFIX_HEADER = YES;
				GCC_PREFIX_HEADER = "NewsAbst/NewsAbst-Prefix.pch";
				INFOPLIST_FILE = "NewsAbst/NewsAbst-Info.plist";
				PRODUCT_NAME = "$(TARGET_NAME)";
				WRAPPER_EXTENSION = app;
			};
			name = Debug;
		};
		340FE27B18A606010007080B /* Release */ = {
			isa = XCBuildConfiguration;
			buildSettings = {
				ASSETCATALOG_COMPILER_APPICON_NAME = AppIcon;
				ASSETCATALOG_COMPILER_LAUNCHIMAGE_NAME = LaunchImage;
				GCC_PRECOMPILE_PREFIX_HEADER = YES;
				GCC_PREFIX_HEADER = "NewsAbst/NewsAbst-Prefix.pch";
				INFOPLIST_FILE = "NewsAbst/NewsAbst-Info.plist";
				PRODUCT_NAME = "$(TARGET_NAME)";
				WRAPPER_EXTENSION = app;
			};
			name = Release;
		};
		340FE27D18A606010007080B /* Debug */ = {
			isa = XCBuildConfiguration;
			buildSettings = {
				ARCHS = "$(ARCHS_STANDARD_INCLUDING_64_BIT)";
				BUNDLE_LOADER = "$(BUILT_PRODUCTS_DIR)/NewsAbst.app/NewsAbst";
				FRAMEWORK_SEARCH_PATHS = (
					"$(SDKROOT)/Developer/Library/Frameworks",
					"$(inherited)",
					"$(DEVELOPER_FRAMEWORKS_DIR)",
				);
				GCC_PRECOMPILE_PREFIX_HEADER = YES;
				GCC_PREFIX_HEADER = "NewsAbst/NewsAbst-Prefix.pch";
				GCC_PREPROCESSOR_DEFINITIONS = (
					"DEBUG=1",
					"$(inherited)",
				);
				INFOPLIST_FILE = "NewsAbstTests/NewsAbstTests-Info.plist";
				PRODUCT_NAME = "$(TARGET_NAME)";
				TEST_HOST = "$(BUNDLE_LOADER)";
				WRAPPER_EXTENSION = xctest;
			};
			name = Debug;
		};
		340FE27E18A606010007080B /* Release */ = {
			isa = XCBuildConfiguration;
			buildSettings = {
				ARCHS = "$(ARCHS_STANDARD_INCLUDING_64_BIT)";
				BUNDLE_LOADER = "$(BUILT_PRODUCTS_DIR)/NewsAbst.app/NewsAbst";
				FRAMEWORK_SEARCH_PATHS = (
					"$(SDKROOT)/Developer/Library/Frameworks",
					"$(inherited)",
					"$(DEVELOPER_FRAMEWORKS_DIR)",
				);
				GCC_PRECOMPILE_PREFIX_HEADER = YES;
				GCC_PREFIX_HEADER = "NewsAbst/NewsAbst-Prefix.pch";
				INFOPLIST_FILE = "NewsAbstTests/NewsAbstTests-Info.plist";
				PRODUCT_NAME = "$(TARGET_NAME)";
				TEST_HOST = "$(BUNDLE_LOADER)";
				WRAPPER_EXTENSION = xctest;
			};
			name = Release;
		};
/* End XCBuildConfiguration section */

/* Begin XCConfigurationList section */
		340FE24218A606010007080B /* Build configuration list for PBXProject "NewsAbst" */ = {
			isa = XCConfigurationList;
			buildConfigurations = (
				340FE27718A606010007080B /* Debug */,
				340FE27818A606010007080B /* Release */,
			);
			defaultConfigurationIsVisible = 0;
			defaultConfigurationName = Release;
		};
		340FE27918A606010007080B /* Build configuration list for PBXNativeTarget "NewsAbst" */ = {
			isa = XCConfigurationList;
			buildConfigurations = (
				340FE27A18A606010007080B /* Debug */,
				340FE27B18A606010007080B /* Release */,
			);
			defaultConfigurationIsVisible = 0;
			defaultConfigurationName = Release;
		};
		340FE27C18A606010007080B /* Build configuration list for PBXNativeTarget "NewsAbstTests" */ = {
			isa = XCConfigurationList;
			buildConfigurations = (
				340FE27D18A606010007080B /* Debug */,
				340FE27E18A606010007080B /* Release */,
			);
			defaultConfigurationIsVisible = 0;
			defaultConfigurationName = Release;
		};
/* End XCConfigurationList section */
	};
	rootObject = 340FE23F18A606010007080B /* Project object */;
}
